
Microsoft Visual Studio Solution File, Format Version 12.00
# Visual Studio Version 16
VisualStudioVersion = 16.0.31019.35
MinimumVisualStudioVersion = 10.0.40219.1
Project("{FAE04EC0-301F-11D3-BF4B-00C04F79EFBC}") = "EndocPM.WebAPI", "EndocPM.WebAPI.csproj", "{2C0DF209-D15B-40C2-B194-7BD08D3890E5}"
EndProject
Global
	GlobalSection(SolutionConfigurationPlatforms) = preSolution
		Debug|Any CPU = Debug|Any CPU
		Release|Any CPU = Release|Any CPU
	EndGlobalSection
	GlobalSection(ProjectConfigurationPlatforms) = postSolution
		{2C0DF209-D15B-40C2-B194-7BD08D3890E5}.Debug|Any CPU.ActiveCfg = Debug|Any CPU
		{2C0DF209-D15B-40C2-B194-7BD08D3890E5}.Debug|Any CPU.Build.0 = Debug|Any CPU
		{2C0DF209-D15B-40C2-B194-7BD08D3890E5}.Release|Any CPU.ActiveCfg = Release|Any CPU
		{2C0DF209-D15B-40C2-B194-7BD08D3890E5}.Release|Any CPU.Build.0 = Release|Any CPU
	EndGlobalSection
	GlobalSection(SolutionProperties) = preSolution
		HideSolutionNode = FALSE
	EndGlobalSection
	GlobalSection(ExtensibilityGlobals) = postSolution
		SolutionGuid = {0466116A-C0EB-4E54-B38D-CF96AEFF34AB}
	EndGlobalSection
EndGlobal
